<?xml version="1.0" encoding="utf-8"?>
<Project ToolsVersion="4.0" xmlns="http://schemas.microsoft.com/developer/msbuild/2003">
  <ItemGroup>
    <Filter Include="Resource Files">
      <UniqueIdentifier>{67DA6AB6-F800-4c08-8B7A-83BB121AAD01}</UniqueIdentifier>
      <Extensions>rc;ico;cur;bmp;dlg;rc2;rct;bin;rgs;gif;jpg;jpeg;jpe;resx;tiff;tif;png;wav;mfcribbon-ms</Extensions>
    </Filter>
    <Filter Include="Support">
      <UniqueIdentifier>{4f384fa5-a0c6-45af-90c9-daea75dfd2af}</UniqueIdentifier>
    </Filter>
    <Filter Include="Debug">
      <UniqueIdentifier>{344acdae-a7fc-4815-a5c2-f54a79a69d17}</UniqueIdentifier>
    </Filter>
    <Filter Include="D3D">
      <UniqueIdentifier>{e9f3bad6-ad14-461b-a07b-75b84b0b89a5}</UniqueIdentifier>
    </Filter>
    <Filter Include="Shaders">
      <UniqueIdentifier>{b4c5e8d0-f62b-4b09-8a2f-3aec6ee4065d}</UniqueIdentifier>
    </Filter>
  </ItemGroup>
  <ItemGroup>
    <ClCompile Include="main.cpp" />
    <ClCompile Include="Support\Window.cpp">
      <Filter>Support</Filter>
    </ClCompile>
    <ClCompile Include="D3D\DXContext.cpp">
      <Filter>D3D</Filter>
    </ClCompile>
    <ClCompile Include="Debug\DXDebugLayer.cpp">
      <Filter>Debug</Filter>
    </ClCompile>
    <ClCompile Include="Support\Shader.cpp">
      <Filter>Support</Filter>
    </ClCompile>
  </ItemGroup>
  <ItemGroup>
    <ClInclude Include="Support\ComPointer.h">
      <Filter>Support</Filter>
    </ClInclude>
    <ClInclude Include="Support\Window.h">
      <Filter>Support</Filter>
    </ClInclude>
    <ClInclude Include="Support\WinInclude.h">
      <Filter>Support</Filter>
    </ClInclude>
    <ClInclude Include="D3D\DXContext.h">
      <Filter>D3D</Filter>
    </ClInclude>
    <ClInclude Include="Debug\DXDebugLayer.h">
      <Filter>Debug</Filter>
    </ClInclude>
    <ClInclude Include="Support\Shader.h">
      <Filter>Support</Filter>
    </ClInclude>
  </ItemGroup>
  <ItemGroup>
    <FxCompile Include="Shaders\VertexShader.hlsl">
      <Filter>Shaders</Filter>
    </FxCompile>
    <FxCompile Include="Shaders\PixelShader.hlsl">
      <Filter>Shaders</Filter>
    </FxCompile>
  </ItemGroup>
</Project>